{
    "_readme": [
        "This file locks the dependencies of your project to a known state",
        "Read more about it at https://getcomposer.org/doc/01-basic-usage.md#installing-dependencies",
        "This file is @generated automatically"
    ],
    "content-hash": "d560c52db917e6ff33cea715d4b6b157",
    "packages": [
        {
            "name": "espresso-dev/instagram-basic-display-php",
            "version": "v1.1.4",
            "source": {
                "type": "git",
                "url": "https://github.com/espresso-dev/instagram-basic-display-php.git",
                "reference": "8b9ac7a7bd3dca6c3a31ca66afe5508e0eae9f28"
            },
            "dist": {
                "type": "zip",
                "url": "https://api.github.com/repos/espresso-dev/instagram-basic-display-php/zipball/8b9ac7a7bd3dca6c3a31ca66afe5508e0eae9f28",
                "reference": "8b9ac7a7bd3dca6c3a31ca66afe5508e0eae9f28",
                "shasum": ""
            },
            "require": {
                "ext-curl": "*",
                "php": ">=5.6"
            },
            "type": "library",
            "autoload": {
                "psr-4": {
                    "EspressoDev\\InstagramBasicDisplay\\": "src/"
                }
            },
            "notification-url": "https://packagist.org/downloads/",
            "license": [
                "MIT"
            ],
            "authors": [
                {
                    "name": "Herman Schutte",
                    "email": "herman@espresso.dev"
                }
            ],
            "description": "A simple PHP class for accessing the Instagram Basic Display API",
            "homepage": "https://github.com/espresso-dev/instagram-basic-display-php",
            "keywords": [
                "api",
                "instagram"
            ],
            "support": {
                "issues": "https://github.com/espresso-dev/instagram-basic-display-php/issues",
                "source": "https://github.com/espresso-dev/instagram-basic-display-php/tree/v1.1.4"
            },
            "time": "2020-10-22T07:42:32+00:00"
        }
    ],
    "packages-dev": [],
    "aliases": [],
    "minimum-stability": "stable",
    "stability-flags": [],
    "prefer-stable": false,
    "prefer-lowest": false,
    "platform": [],
    "platform-dev": [],
    "plugin-api-version": "2.0.0"
}
